
Microsoft Visual Studio Solution File, Format Version 12.00
# Visual Studio 2013
VisualStudioVersion = 12.0.30723.0
MinimumVisualStudioVersion = 10.0.40219.1
Project("{FAE04EC0-301F-11D3-BF4B-00C04F79EFBC}") = "XClip.Client", "XClip.Client\XClip.Client.csproj", "{57DEC0B0-2633-44F1-91C5-095E573188BB}"
EndProject
Project("{FAE04EC0-301F-11D3-BF4B-00C04F79EFBC}") = "XClip.Server", "XClip.Server\XClip.Server.csproj", "{88E8B37F-4E2F-4C8C-A4F1-90C4CFF244D2}"
EndProject
Project("{FAE04EC0-301F-11D3-BF4B-00C04F79EFBC}") = "XClip.Core", "XClip.Core\XClip.Core.csproj", "{0C4C2628-D734-4D13-9881-E3DFEE22A32A}"
EndProject
Global
	GlobalSection(SolutionConfigurationPlatforms) = preSolution
		Debug|Any CPU = Debug|Any CPU
		Release|Any CPU = Release|Any CPU
	EndGlobalSection
	GlobalSection(ProjectConfigurationPlatforms) = postSolution
		{57DEC0B0-2633-44F1-91C5-095E573188BB}.Debug|Any CPU.ActiveCfg = Debug|Any CPU
		{57DEC0B0-2633-44F1-91C5-095E573188BB}.Debug|Any CPU.Build.0 = Debug|Any CPU
		{57DEC0B0-2633-44F1-91C5-095E573188BB}.Release|Any CPU.ActiveCfg = Release|Any CPU
		{57DEC0B0-2633-44F1-91C5-095E573188BB}.Release|Any CPU.Build.0 = Release|Any CPU
		{88E8B37F-4E2F-4C8C-A4F1-90C4CFF244D2}.Debug|Any CPU.ActiveCfg = Debug|Any CPU
		{88E8B37F-4E2F-4C8C-A4F1-90C4CFF244D2}.Debug|Any CPU.Build.0 = Debug|Any CPU
		{88E8B37F-4E2F-4C8C-A4F1-90C4CFF244D2}.Release|Any CPU.ActiveCfg = Release|Any CPU
		{88E8B37F-4E2F-4C8C-A4F1-90C4CFF244D2}.Release|Any CPU.Build.0 = Release|Any CPU
		{0C4C2628-D734-4D13-9881-E3DFEE22A32A}.Debug|Any CPU.ActiveCfg = Debug|Any CPU
		{0C4C2628-D734-4D13-9881-E3DFEE22A32A}.Debug|Any CPU.Build.0 = Debug|Any CPU
		{0C4C2628-D734-4D13-9881-E3DFEE22A32A}.Release|Any CPU.ActiveCfg = Release|Any CPU
		{0C4C2628-D734-4D13-9881-E3DFEE22A32A}.Release|Any CPU.Build.0 = Release|Any CPU
	EndGlobalSection
	GlobalSection(SolutionProperties) = preSolution
		HideSolutionNode = FALSE
	EndGlobalSection
EndGlobal
